
Microsoft Visual Studio Solution File, Format Version 12.00
# Visual Studio Version 17
VisualStudioVersion = 17.0.31903.59
MinimumVisualStudioVersion = 10.0.40219.1
Project("{2150E333-8FDC-42A3-9474-1A3956D46DE8}") = "src", "src", "{24F949AE-6FAE-4BA9-B7C9-163C680C9EAF}"
EndProject
Project("{9A19103F-16F7-4668-BE54-9A1E7A4F7556}") = "TollCalculation.API", "src\TollCalculation.API\TollCalculation.API.csproj", "{873927F9-EF46-447C-9507-B2692F63EACC}"
EndProject
Project("{FAE04EC0-301F-11D3-BF4B-00C04F79EFBC}") = "TollCalculation.Core", "src\TollCalculation.Core\TollCalculation.Core.csproj", "{6F3AFE39-6F34-4449-9F36-5D452404A5E0}"
EndProject
Project("{FAE04EC0-301F-11D3-BF4B-00C04F79EFBC}") = "TollCalculation.Infrastructure", "src\TollCalculation.Infrastructure\TollCalculation.Infrastructure.csproj", "{9ABAB9CA-5169-4BCB-83B8-F119CE6AA5A3}"
EndProject
Project("{FAE04EC0-301F-11D3-BF4B-00C04F79EFBC}") = "TollCalculation.Tests", "src\TollCalculation.Tests\TollCalculation.Tests.csproj", "{AD3232F0-FA7D-4924-AFA4-769811F4649C}"
EndProject
Global
	GlobalSection(SolutionConfigurationPlatforms) = preSolution
		Debug|Any CPU = Debug|Any CPU
		Release|Any CPU = Release|Any CPU
	EndGlobalSection
	GlobalSection(ProjectConfigurationPlatforms) = postSolution
		{873927F9-EF46-447C-9507-B2692F63EACC}.Debug|Any CPU.ActiveCfg = Debug|Any CPU
		{873927F9-EF46-447C-9507-B2692F63EACC}.Debug|Any CPU.Build.0 = Debug|Any CPU
		{873927F9-EF46-447C-9507-B2692F63EACC}.Release|Any CPU.ActiveCfg = Release|Any CPU
		{873927F9-EF46-447C-9507-B2692F63EACC}.Release|Any CPU.Build.0 = Release|Any CPU
		{6F3AFE39-6F34-4449-9F36-5D452404A5E0}.Debug|Any CPU.ActiveCfg = Debug|Any CPU
		{6F3AFE39-6F34-4449-9F36-5D452404A5E0}.Debug|Any CPU.Build.0 = Debug|Any CPU
		{6F3AFE39-6F34-4449-9F36-5D452404A5E0}.Release|Any CPU.ActiveCfg = Release|Any CPU
		{6F3AFE39-6F34-4449-9F36-5D452404A5E0}.Release|Any CPU.Build.0 = Release|Any CPU
		{9ABAB9CA-5169-4BCB-83B8-F119CE6AA5A3}.Debug|Any CPU.ActiveCfg = Debug|Any CPU
		{9ABAB9CA-5169-4BCB-83B8-F119CE6AA5A3}.Debug|Any CPU.Build.0 = Debug|Any CPU
		{9ABAB9CA-5169-4BCB-83B8-F119CE6AA5A3}.Release|Any CPU.ActiveCfg = Release|Any CPU
		{9ABAB9CA-5169-4BCB-83B8-F119CE6AA5A3}.Release|Any CPU.Build.0 = Release|Any CPU
		{AD3232F0-FA7D-4924-AFA4-769811F4649C}.Debug|Any CPU.ActiveCfg = Debug|Any CPU
		{AD3232F0-FA7D-4924-AFA4-769811F4649C}.Debug|Any CPU.Build.0 = Debug|Any CPU
		{AD3232F0-FA7D-4924-AFA4-769811F4649C}.Release|Any CPU.ActiveCfg = Release|Any CPU
		{AD3232F0-FA7D-4924-AFA4-769811F4649C}.Release|Any CPU.Build.0 = Release|Any CPU
	EndGlobalSection
	GlobalSection(SolutionProperties) = preSolution
		HideSolutionNode = FALSE
	EndGlobalSection
	GlobalSection(NestedProjects) = preSolution
		{873927F9-EF46-447C-9507-B2692F63EACC} = {24F949AE-6FAE-4BA9-B7C9-163C680C9EAF}
		{6F3AFE39-6F34-4449-9F36-5D452404A5E0} = {24F949AE-6FAE-4BA9-B7C9-163C680C9EAF}
		{9ABAB9CA-5169-4BCB-83B8-F119CE6AA5A3} = {24F949AE-6FAE-4BA9-B7C9-163C680C9EAF}
		{AD3232F0-FA7D-4924-AFA4-769811F4649C} = {24F949AE-6FAE-4BA9-B7C9-163C680C9EAF}
	EndGlobalSection
	GlobalSection(ExtensibilityGlobals) = postSolution
		SolutionGuid = {E96DEE04-033D-4DD7-BFE8-6BAA4EE1AB28}
	EndGlobalSection
EndGlobal
